// !$*UTF8*$!
{
	archiveVersion = 1;
	classes = {
	};
	objectVersion = 77;
	objects = {

/* Begin PBXBuildFile section */
		8749487B2FAEC7E2006E0BFB /* DriverManagerView.swift in Sources */ = {isa = PBXBuildFile; fileRef = 8749487A2FAEC7DE006E0BFB /* DriverManagerView.swift */; };
		8751679C2FAD689800E8B528 /* Assets.xcassets in Resources */ = {isa = PBXBuildFile; fileRef = 875167882FAD689800E8B528 /* Assets.xcassets */; };
		8751679E2FAD689800E8B528 /* AddFuelView.swift in Sources */ = {isa = PBXBuildFile; fileRef = 875167852FAD689800E8B528 /* AddFuelView.swift */; };
		8751679F2FAD689800E8B528 /* AddLoadView.swift in Sources */ = {isa = PBXBuildFile; fileRef = 875167862FAD689800E8B528 /* AddLoadView.swift */; };
		875167A02FAD689800E8B528 /* AdminDashboardView.swift in Sources */ = {isa = PBXBuildFile; fileRef = 875167872FAD689800E8B528 /* AdminDashboardView.swift */; };
		875167A12FAD689800E8B528 /* CSVExporter.swift in Sources */ = {isa = PBXBuildFile; fileRef = 875167892FAD689800E8B528 /* CSVExporter.swift */; };
		875167A32FAD689800E8B528 /* DriverDashboardView.swift in Sources */ = {isa = PBXBuildFile; fileRef = 8751678B2FAD689800E8B528 /* DriverDashboardView.swift */; };
		875167A42FAD689800E8B528 /* DriverDetailView.swift in Sources */ = {isa = PBXBuildFile; fileRef = 8751678C2FAD689800E8B528 /* DriverDetailView.swift */; };
		875167A52FAD689800E8B528 /* FinishDayView.swift in Sources */ = {isa = PBXBuildFile; fileRef = 8751678D2FAD689800E8B528 /* FinishDayView.swift */; };
		875167A62FAD689800E8B528 /* LoadListView.swift in Sources */ = {isa = PBXBuildFile; fileRef = 8751678F2FAD689800E8B528 /* LoadListView.swift */; };
		875167A72FAD689800E8B528 /* Models.swift in Sources */ = {isa = PBXBuildFile; fileRef = 875167902FAD689800E8B528 /* Models.swift */; };
		875167A82FAD689800E8B528 /* MyApp.swift in Sources */ = {isa = PBXBuildFile; fileRef = 875167912FAD689800E8B528 /* MyApp.swift */; };
		875167A92FAD689800E8B528 /* PickupDeliveryView.swift in Sources */ = {isa = PBXBuildFile; fileRef = 875167932FAD689800E8B528 /* PickupDeliveryView.swift */; };
		875167AB2FAD689800E8B528 /* RootView.swift in Sources */ = {isa = PBXBuildFile; fileRef = 875167952FAD689800E8B528 /* RootView.swift */; };
		875167AC2FAD689800E8B528 /* SetupView.swift in Sources */ = {isa = PBXBuildFile; fileRef = 875167962FAD689800E8B528 /* SetupView.swift */; };
		875167AD2FAD689800E8B528 /* ShareSheet.swift in Sources */ = {isa = PBXBuildFile; fileRef = 875167972FAD689800E8B528 /* ShareSheet.swift */; };
		875167AE2FAD689800E8B528 /* StartShiftView.swift in Sources */ = {isa = PBXBuildFile; fileRef = 875167982FAD689800E8B528 /* StartShiftView.swift */; };
		875167AF2FAD689800E8B528 /* StorageManager.swift in Sources */ = {isa = PBXBuildFile; fileRef = 875167992FAD689800E8B528 /* StorageManager.swift */; };
		8789BB032FB04408004400C5 /* CompanySettings.swift in Sources */ = {isa = PBXBuildFile; fileRef = 8789BB022FB04403004400C5 /* CompanySettings.swift */; };
		8789BB052FB06063004400C5 /* CompanySetupView.swift in Sources */ = {isa = PBXBuildFile; fileRef = 8789BB042FB0604F004400C5 /* CompanySetupView.swift */; };
		87CBD10A2FB1083E0038E416 /* SharedFolderSetupView.swift in Sources */ = {isa = PBXBuildFile; fileRef = 87CBD1092FB1083B0038E416 /* SharedFolderSetupView.swift */; };
/* End PBXBuildFile section */

/* Begin PBXFileReference section */
		8749487A2FAEC7DE006E0BFB /* DriverManagerView.swift */ = {isa = PBXFileReference; lastKnownFileType = sourcecode.swift; path = DriverManagerView.swift; sourceTree = "<group>"; };
		875167852FAD689800E8B528 /* AddFuelView.swift */ = {isa = PBXFileReference; lastKnownFileType = sourcecode.swift; path = AddFuelView.swift; sourceTree = "<group>"; };
		875167862FAD689800E8B528 /* AddLoadView.swift */ = {isa = PBXFileReference; lastKnownFileType = sourcecode.swift; path = AddLoadView.swift; sourceTree = "<group>"; };
		875167872FAD689800E8B528 /* AdminDashboardView.swift */ = {isa = PBXFileReference; lastKnownFileType = sourcecode.swift; path = AdminDashboardView.swift; sourceTree = "<group>"; };
		875167882FAD689800E8B528 /* Assets.xcassets */ = {isa = PBXFileReference; lastKnownFileType = folder.assetcatalog; path = Assets.xcassets; sourceTree = "<group>"; };
		875167892FAD689800E8B528 /* CSVExporter.swift */ = {isa = PBXFileReference; lastKnownFileType = sourcecode.swift; path = CSVExporter.swift; sourceTree = "<group>"; };
		8751678B2FAD689800E8B528 /* DriverDashboardView.swift */ = {isa = PBXFileReference; lastKnownFileType = sourcecode.swift; path = DriverDashboardView.swift; sourceTree = "<group>"; };
		8751678C2FAD689800E8B528 /* DriverDetailView.swift */ = {isa = PBXFileReference; lastKnownFileType = sourcecode.swift; path = DriverDetailView.swift; sourceTree = "<group>"; };
		8751678D2FAD689800E8B528 /* FinishDayView.swift */ = {isa = PBXFileReference; lastKnownFileType = sourcecode.swift; path = FinishDayView.swift; sourceTree = "<group>"; };
		8751678E2FAD689800E8B528 /* Info.plist */ = {isa = PBXFileReference; lastKnownFileType = text.plist.xml; path = Info.plist; sourceTree = "<group>"; };
		8751678F2FAD689800E8B528 /* LoadListView.swift */ = {isa = PBXFileReference; lastKnownFileType = sourcecode.swift; path = LoadListView.swift; sourceTree = "<group>"; };
		875167902FAD689800E8B528 /* Models.swift */ = {isa = PBXFileReference; lastKnownFileType = sourcecode.swift; path = Models.swift; sourceTree = "<group>"; };
		875167912FAD689800E8B528 /* MyApp.swift */ = {isa = PBXFileReference; lastKnownFileType = sourcecode.swift; path = MyApp.swift; sourceTree = "<group>"; };
		875167922FAD689800E8B528 /* PickandDrop.entitlements */ = {isa = PBXFileReference; lastKnownFileType = text.plist.entitlements; path = PickandDrop.entitlements; sourceTree = "<group>"; };
		875167932FAD689800E8B528 /* PickupDeliveryView.swift */ = {isa = PBXFileReference; lastKnownFileType = sourcecode.swift; path = PickupDeliveryView.swift; sourceTree = "<group>"; };
		875167952FAD689800E8B528 /* RootView.swift */ = {isa = PBXFileReference; lastKnownFileType = sourcecode.swift; path = RootView.swift; sourceTree = "<group>"; };
		875167962FAD689800E8B528 /* SetupView.swift */ = {isa = PBXFileReference; lastKnownFileType = sourcecode.swift; path = SetupView.swift; sourceTree = "<group>"; };
		875167972FAD689800E8B528 /* ShareSheet.swift */ = {isa = PBXFileReference; lastKnownFileType = sourcecode.swift; path = ShareSheet.swift; sourceTree = "<group>"; };
		875167982FAD689800E8B528 /* StartShiftView.swift */ = {isa = PBXFileReference; lastKnownFileType = sourcecode.swift; path = StartShiftView.swift; sourceTree = "<group>"; };
		875167992FAD689800E8B528 /* StorageManager.swift */ = {isa = PBXFileReference; lastKnownFileType = sourcecode.swift; path = StorageManager.swift; sourceTree = "<group>"; };
		8789BB022FB04403004400C5 /* CompanySettings.swift */ = {isa = PBXFileReference; lastKnownFileType = sourcecode.swift; path = CompanySettings.swift; sourceTree = "<group>"; };
		8789BB042FB0604F004400C5 /* CompanySetupView.swift */ = {isa = PBXFileReference; lastKnownFileType = sourcecode.swift; path = CompanySetupView.swift; sourceTree = "<group>"; };
		87CBD1092FB1083B0038E416 /* SharedFolderSetupView.swift */ = {isa = PBXFileReference; lastKnownFileType = sourcecode.swift; path = SharedFolderSetupView.swift; sourceTree = "<group>"; };
		87DE09572FA52A09007E9268 /* PickandDrop.app */ = {isa = PBXFileReference; explicitFileType = wrapper.application; includeInIndex = 0; path = PickandDrop.app; sourceTree = BUILT_PRODUCTS_DIR; };
/* End PBXFileReference section */

/* Begin PBXFileSystemSynchronizedRootGroup section */
		874948682FAEBC7D006E0BFB /* Login */ = {
			isa = PBXFileSystemSynchronizedRootGroup;
			path = Login;
			sourceTree = "<group>";
		};
		875167B02FAD68AB00E8B528 /* Reports */ = {
			isa = PBXFileSystemSynchronizedRootGroup;
			path = Reports;
			sourceTree = "<group>";
		};
/* End PBXFileSystemSynchronizedRootGroup section */

/* Begin PBXFrameworksBuildPhase section */
		87DE09542FA52A09007E9268 /* Frameworks */ = {
			isa = PBXFrameworksBuildPhase;
			buildActionMask = 2147483647;
			files = (
			);
			runOnlyForDeploymentPostprocessing = 0;
		};
/* End PBXFrameworksBuildPhase section */

/* Begin PBXGroup section */
		8751679A2FAD689800E8B528 /* PickandDrop */ = {
			isa = PBXGroup;
			children = (
				87CBD1092FB1083B0038E416 /* SharedFolderSetupView.swift */,
				8789BB042FB0604F004400C5 /* CompanySetupView.swift */,
				8789BB022FB04403004400C5 /* CompanySettings.swift */,
				875167852FAD689800E8B528 /* AddFuelView.swift */,
				875167862FAD689800E8B528 /* AddLoadView.swift */,
				875167872FAD689800E8B528 /* AdminDashboardView.swift */,
				875167882FAD689800E8B528 /* Assets.xcassets */,
				875167892FAD689800E8B528 /* CSVExporter.swift */,
				8751678B2FAD689800E8B528 /* DriverDashboardView.swift */,
				8751678C2FAD689800E8B528 /* DriverDetailView.swift */,
				8749487A2FAEC7DE006E0BFB /* DriverManagerView.swift */,
				8751678D2FAD689800E8B528 /* FinishDayView.swift */,
				8751678E2FAD689800E8B528 /* Info.plist */,
				8751678F2FAD689800E8B528 /* LoadListView.swift */,
				875167902FAD689800E8B528 /* Models.swift */,
				875167912FAD689800E8B528 /* MyApp.swift */,
				875167922FAD689800E8B528 /* PickandDrop.entitlements */,
				875167932FAD689800E8B528 /* PickupDeliveryView.swift */,
				875167952FAD689800E8B528 /* RootView.swift */,
				875167962FAD689800E8B528 /* SetupView.swift */,
				875167972FAD689800E8B528 /* ShareSheet.swift */,
				875167982FAD689800E8B528 /* StartShiftView.swift */,
				875167992FAD689800E8B528 /* StorageManager.swift */,
				874948682FAEBC7D006E0BFB /* Login */,
				875167B02FAD68AB00E8B528 /* Reports */,
			);
			path = PickandDrop;
			sourceTree = "<group>";
		};
		87DE094E2FA52A09007E9268 = {
			isa = PBXGroup;
			children = (
				8751679A2FAD689800E8B528 /* PickandDrop */,
				87DE09582FA52A09007E9268 /* Products */,
			);
			sourceTree = "<group>";
		};
		87DE09582FA52A09007E9268 /* Products */ = {
			isa = PBXGroup;
			children = (
				87DE09572FA52A09007E9268 /* PickandDrop.app */,
			);
			name = Products;
			sourceTree = "<group>";
		};
/* End PBXGroup section */

/* Begin PBXNativeTarget section */
		87DE09562FA52A09007E9268 /* PickandDrop */ = {
			isa = PBXNativeTarget;
			buildConfigurationList = 87DE09622FA52A0A007E9268 /* Build configuration list for PBXNativeTarget "PickandDrop" */;
			buildPhases = (
				87DE09532FA52A09007E9268 /* Sources */,
				87DE09542FA52A09007E9268 /* Frameworks */,
				87DE09552FA52A09007E9268 /* Resources */,
			);
			buildRules = (
			);
			dependencies = (
			);
			fileSystemSynchronizedGroups = (
				874948682FAEBC7D006E0BFB /* Login */,
				875167B02FAD68AB00E8B528 /* Reports */,
			);
			name = PickandDrop;
			packageProductDependencies = (
			);
			productName = PickandDrop;
			productReference = 87DE09572FA52A09007E9268 /* PickandDrop.app */;
			productType = "com.apple.product-type.application";
		};
/* End PBXNativeTarget section */

/* Begin PBXProject section */
		87DE094F2FA52A09007E9268 /* Project object */ = {
			isa = PBXProject;
			attributes = {
				BuildIndependentTargetsInParallel = 1;
				LastSwiftUpdateCheck = 2640;
				LastUpgradeCheck = 2640;
				TargetAttributes = {
					87DE09562FA52A09007E9268 = {
						CreatedOnToolsVersion = 26.4.1;
					};
				};
			};
			buildConfigurationList = 87DE09522FA52A09007E9268 /* Build configuration list for PBXProject "PickandDrop" */;
			developmentRegion = en;
			hasScannedForEncodings = 0;
			knownRegions = (
				en,
				Base,
			);
			mainGroup = 87DE094E2FA52A09007E9268;
			minimizedProjectReferenceProxies = 1;
			preferredProjectObjectVersion = 77;
			productRefGroup = 87DE09582FA52A09007E9268 /* Products */;
			projectDirPath = "";
			projectRoot = "";
			targets = (
				87DE09562FA52A09007E9268 /* PickandDrop */,
			);
		};
/* End PBXProject section */

/* Begin PBXResourcesBuildPhase section */
		87DE09552FA52A09007E9268 /* Resources */ = {
			isa = PBXResourcesBuildPhase;
			buildActionMask = 2147483647;
			files = (
				8751679C2FAD689800E8B528 /* Assets.xcassets in Resources */,
			);
			runOnlyForDeploymentPostprocessing = 0;
		};
/* End PBXResourcesBuildPhase section */

/* Begin PBXSourcesBuildPhase section */
		87DE09532FA52A09007E9268 /* Sources */ = {
			isa = PBXSourcesBuildPhase;
			buildActionMask = 2147483647;
			files = (
				8789BB052FB06063004400C5 /* CompanySetupView.swift in Sources */,
				8751679E2FAD689800E8B528 /* AddFuelView.swift in Sources */,
				8751679F2FAD689800E8B528 /* AddLoadView.swift in Sources */,
				875167A02FAD689800E8B528 /* AdminDashboardView.swift in Sources */,
				875167A12FAD689800E8B528 /* CSVExporter.swift in Sources */,
				875167A32FAD689800E8B528 /* DriverDashboardView.swift in Sources */,
				875167A42FAD689800E8B528 /* DriverDetailView.swift in Sources */,
				875167A52FAD689800E8B528 /* FinishDayView.swift in Sources */,
				875167A62FAD689800E8B528 /* LoadListView.swift in Sources */,
				875167A72FAD689800E8B528 /* Models.swift in Sources */,
				875167A82FAD689800E8B528 /* MyApp.swift in Sources */,
				875167A92FAD689800E8B528 /* PickupDeliveryView.swift in Sources */,
				875167AB2FAD689800E8B528 /* RootView.swift in Sources */,
				875167AC2FAD689800E8B528 /* SetupView.swift in Sources */,
				8749487B2FAEC7E2006E0BFB /* DriverManagerView.swift in Sources */,
				87CBD10A2FB1083E0038E416 /* SharedFolderSetupView.swift in Sources */,
				875167AD2FAD689800E8B528 /* ShareSheet.swift in Sources */,
				875167AE2FAD689800E8B528 /* StartShiftView.swift in Sources */,
				875167AF2FAD689800E8B528 /* StorageManager.swift in Sources */,
				8789BB032FB04408004400C5 /* CompanySettings.swift in Sources */,
			);
			runOnlyForDeploymentPostprocessing = 0;
		};
/* End PBXSourcesBuildPhase section */

/* Begin XCBuildConfiguration section */
		87DE09602FA52A0A007E9268 /* Debug */ = {
			isa = XCBuildConfiguration;
			buildSettings = {
				ALWAYS_SEARCH_USER_PATHS = NO;
				ASSETCATALOG_COMPILER_GENERATE_SWIFT_ASSET_SYMBOL_EXTENSIONS = YES;
				CLANG_ANALYZER_NONNULL = YES;
				CLANG_ANALYZER_NUMBER_OBJECT_CONVERSION = YES_AGGRESSIVE;
				CLANG_CXX_LANGUAGE_STANDARD = "gnu++20";
				CLANG_ENABLE_MODULES = YES;
				CLANG_ENABLE_OBJC_ARC = YES;
				CLANG_ENABLE_OBJC_WEAK = YES;
				CLANG_WARN_BLOCK_CAPTURE_AUTORELEASING = YES;
				CLANG_WARN_BOOL_CONVERSION = YES;
				CLANG_WARN_COMMA = YES;
				CLANG_WARN_CONSTANT_CONVERSION = YES;
				CLANG_WARN_DEPRECATED_OBJC_IMPLEMENTATIONS = YES;
				CLANG_WARN_DIRECT_OBJC_ISA_USAGE = YES_ERROR;
				CLANG_WARN_DOCUMENTATION_COMMENTS = YES;
				CLANG_WARN_EMPTY_BODY = YES;
				CLANG_WARN_ENUM_CONVERSION = YES;
				CLANG_WARN_INFINITE_RECURSION = YES;
				CLANG_WARN_INT_CONVERSION = YES;
				CLANG_WARN_NON_LITERAL_NULL_CONVERSION = YES;
				CLANG_WARN_OBJC_IMPLICIT_RETAIN_SELF = YES;
				CLANG_WARN_OBJC_LITERAL_CONVERSION = YES;
				CLANG_WARN_OBJC_ROOT_CLASS = YES_ERROR;
				CLANG_WARN_QUOTED_INCLUDE_IN_FRAMEWORK_HEADER = YES;
				CLANG_WARN_RANGE_LOOP_ANALYSIS = YES;
				CLANG_WARN_STRICT_PROTOTYPES = YES;
				CLANG_WARN_SUSPICIOUS_MOVE = YES;
				CLANG_WARN_UNGUARDED_AVAILABILITY = YES_AGGRESSIVE;
				CLANG_WARN_UNREACHABLE_CODE = YES;
				CLANG_WARN__DUPLICATE_METHOD_MATCH = YES;
				COPY_PHASE_STRIP = NO;
				DEBUG_INFORMATION_FORMAT = dwarf;
				DEVELOPMENT_TEAM = 5FA3W32A75;
				ENABLE_STRICT_OBJC_MSGSEND = YES;
				ENABLE_TESTABILITY = YES;
				ENABLE_USER_SCRIPT_SANDBOXING = YES;
				GCC_C_LANGUAGE_STANDARD = gnu17;
				GCC_DYNAMIC_NO_PIC = NO;
				GCC_NO_COMMON_BLOCKS = YES;
				GCC_OPTIMIZATION_LEVEL = 0;
				GCC_PREPROCESSOR_DEFINITIONS = (
					"DEBUG=1",
					"$(inherited)",
				);
				GCC_WARN_64_TO_32_BIT_CONVERSION = YES;
				GCC_WARN_ABOUT_RETURN_TYPE = YES_ERROR;
				GCC_WARN_UNDECLARED_SELECTOR = YES;
				GCC_WARN_UNINITIALIZED_AUTOS = YES_AGGRESSIVE;
				GCC_WARN_UNUSED_FUNCTION = YES;
				GCC_WARN_UNUSED_VARIABLE = YES;
				IPHONEOS_DEPLOYMENT_TARGET = 26.4;
				LOCALIZATION_PREFERS_STRING_CATALOGS = YES;
				MTL_ENABLE_DEBUG_INFO = INCLUDE_SOURCE;
				MTL_FAST_MATH = YES;
				ONLY_ACTIVE_ARCH = YES;
				SDKROOT = iphoneos;
				SWIFT_ACTIVE_COMPILATION_CONDITIONS = "DEBUG $(inherited)";
				SWIFT_OPTIMIZATION_LEVEL = "-Onone";
			};
			name = Debug;
		};
		87DE09612FA52A0A007E9268 /* Release */ = {
			isa = XCBuildConfiguration;
			buildSettings = {
				ALWAYS_SEARCH_USER_PATHS = NO;
				ASSETCATALOG_COMPILER_GENERATE_SWIFT_ASSET_SYMBOL_EXTENSIONS = YES;
				CLANG_ANALYZER_NONNULL = YES;
				CLANG_ANALYZER_NUMBER_OBJECT_CONVERSION = YES_AGGRESSIVE;
				CLANG_CXX_LANGUAGE_STANDARD = "gnu++20";
				CLANG_ENABLE_MODULES = YES;
				CLANG_ENABLE_OBJC_ARC = YES;
				CLANG_ENABLE_OBJC_WEAK = YES;
				CLANG_WARN_BLOCK_CAPTURE_AUTORELEASING = YES;
				CLANG_WARN_BOOL_CONVERSION = YES;
				CLANG_WARN_COMMA = YES;
				CLANG_WARN_CONSTANT_CONVERSION = YES;
				CLANG_WARN_DEPRECATED_OBJC_IMPLEMENTATIONS = YES;
				CLANG_WARN_DIRECT_OBJC_ISA_USAGE = YES_ERROR;
				CLANG_WARN_DOCUMENTATION_COMMENTS = YES;
				CLANG_WARN_EMPTY_BODY = YES;
				CLANG_WARN_ENUM_CONVERSION = YES;
				CLANG_WARN_INFINITE_RECURSION = YES;
				CLANG_WARN_INT_CONVERSION = YES;
				CLANG_WARN_NON_LITERAL_NULL_CONVERSION = YES;
				CLANG_WARN_OBJC_IMPLICIT_RETAIN_SELF = YES;
				CLANG_WARN_OBJC_LITERAL_CONVERSION = YES;
				CLANG_WARN_OBJC_ROOT_CLASS = YES_ERROR;
				CLANG_WARN_QUOTED_INCLUDE_IN_FRAMEWORK_HEADER = YES;
				CLANG_WARN_RANGE_LOOP_ANALYSIS = YES;
				CLANG_WARN_STRICT_PROTOTYPES = YES;
				CLANG_WARN_SUSPICIOUS_MOVE = YES;
				CLANG_WARN_UNGUARDED_AVAILABILITY = YES_AGGRESSIVE;
				CLANG_WARN_UNREACHABLE_CODE = YES;
				CLANG_WARN__DUPLICATE_METHOD_MATCH = YES;
				COPY_PHASE_STRIP = NO;
				DEBUG_INFORMATION_FORMAT = "dwarf-with-dsym";
				DEVELOPMENT_TEAM = 5FA3W32A75;
				ENABLE_NS_ASSERTIONS = NO;
				ENABLE_STRICT_OBJC_MSGSEND = YES;
				ENABLE_USER_SCRIPT_SANDBOXING = YES;
				GCC_C_LANGUAGE_STANDARD = gnu17;
				GCC_NO_COMMON_BLOCKS = YES;
				GCC_WARN_64_TO_32_BIT_CONVERSION = YES;
				GCC_WARN_ABOUT_RETURN_TYPE = YES_ERROR;
				GCC_WARN_UNDECLARED_SELECTOR = YES;
				GCC_WARN_UNINITIALIZED_AUTOS = YES_AGGRESSIVE;
				GCC_WARN_UNUSED_FUNCTION = YES;
				GCC_WARN_UNUSED_VARIABLE = YES;
				IPHONEOS_DEPLOYMENT_TARGET = 26.4;
				LOCALIZATION_PREFERS_STRING_CATALOGS = YES;
				MTL_ENABLE_DEBUG_INFO = NO;
				MTL_FAST_MATH = YES;
				SDKROOT = iphoneos;
				SWIFT_COMPILATION_MODE = wholemodule;
				VALIDATE_PRODUCT = YES;
			};
			name = Release;
		};
		87DE09632FA52A0A007E9268 /* Debug */ = {
			isa = XCBuildConfiguration;
			buildSettings = {
				ASSETCATALOG_COMPILER_APPICON_NAME = AppIcon;
				ASSETCATALOG_COMPILER_GLOBAL_ACCENT_COLOR_NAME = AccentColor;
				ASSETCATALOG_COMPILER_INCLUDE_ALL_APPICON_ASSETS = NO;
				CODE_SIGN_ENTITLEMENTS = PickandDrop/PickandDrop.entitlements;
				CODE_SIGN_IDENTITY = "Apple Development";
				CODE_SIGN_STYLE = Automatic;
				CURRENT_PROJECT_VERSION = 26;
				DEVELOPMENT_TEAM = 5FA3W32A75;
				ENABLE_PREVIEWS = YES;
				GENERATE_INFOPLIST_FILE = YES;
				INFOPLIST_FILE = PickandDrop/Info.plist;
				INFOPLIST_KEY_CFBundleDisplayName = PickandDropLLC;
				INFOPLIST_KEY_LSSupportsOpeningDocumentsInPlace = YES;
				INFOPLIST_KEY_UIApplicationSceneManifest_Generation = YES;
				INFOPLIST_KEY_UIApplicationSupportsIndirectInputEvents = YES;
				INFOPLIST_KEY_UILaunchScreen_Generation = YES;
				INFOPLIST_KEY_UILaunchStoryboardName = "";
				INFOPLIST_KEY_UISupportedInterfaceOrientations_iPad = "UIInterfaceOrientationPortrait UIInterfaceOrientationPortraitUpsideDown UIInterfaceOrientationLandscapeLeft UIInterfaceOrientationLandscapeRight";
				INFOPLIST_KEY_UISupportedInterfaceOrientations_iPhone = "UIInterfaceOrientationPortrait UIInterfaceOrientationLandscapeLeft UIInterfaceOrientationLandscapeRight";
				IPHONEOS_DEPLOYMENT_TARGET = 26.0;
				LD_RUNPATH_SEARCH_PATHS = (
					"$(inherited)",
					"@executable_path/Frameworks",
				);
				MARKETING_VERSION = 1.0;
				PRODUCT_BUNDLE_IDENTIFIER = com.ronnie.thayer.PickandDrop;
				PRODUCT_NAME = "$(TARGET_NAME)";
				PROVISIONING_PROFILE_SPECIFIER = "";
				STRING_CATALOG_GENERATE_SYMBOLS = YES;
				SWIFT_APPROACHABLE_CONCURRENCY = YES;
				SWIFT_DEFAULT_ACTOR_ISOLATION = MainActor;
				SWIFT_EMIT_LOC_STRINGS = YES;
				SWIFT_UPCOMING_FEATURE_MEMBER_IMPORT_VISIBILITY = YES;
				SWIFT_VERSION = 5.0;
				TARGETED_DEVICE_FAMILY = "1,2";
			};
			name = Debug;
		};
		87DE09642FA52A0A007E9268 /* Release */ = {
			isa = XCBuildConfiguration;
			buildSettings = {
				ASSETCATALOG_COMPILER_APPICON_NAME = AppIcon;
				ASSETCATALOG_COMPILER_GLOBAL_ACCENT_COLOR_NAME = AccentColor;
				ASSETCATALOG_COMPILER_INCLUDE_ALL_APPICON_ASSETS = NO;
				CODE_SIGN_ENTITLEMENTS = PickandDrop/PickandDrop.entitlements;
				CODE_SIGN_IDENTITY = "Apple Development";
				CODE_SIGN_STYLE = Automatic;
				CURRENT_PROJECT_VERSION = 26;
				DEVELOPMENT_TEAM = 5FA3W32A75;
				ENABLE_PREVIEWS = YES;
				GENERATE_INFOPLIST_FILE = YES;
				INFOPLIST_FILE = PickandDrop/Info.plist;
				INFOPLIST_KEY_CFBundleDisplayName = PickandDropLLC;
				INFOPLIST_KEY_LSSupportsOpeningDocumentsInPlace = YES;
				INFOPLIST_KEY_UIApplicationSceneManifest_Generation = YES;
				INFOPLIST_KEY_UIApplicationSupportsIndirectInputEvents = YES;
				INFOPLIST_KEY_UILaunchScreen_Generation = YES;
				INFOPLIST_KEY_UILaunchStoryboardName = "";
				INFOPLIST_KEY_UISupportedInterfaceOrientations_iPad = "UIInterfaceOrientationPortrait UIInterfaceOrientationPortraitUpsideDown UIInterfaceOrientationLandscapeLeft UIInterfaceOrientationLandscapeRight";
				INFOPLIST_KEY_UISupportedInterfaceOrientations_iPhone = "UIInterfaceOrientationPortrait UIInterfaceOrientationLandscapeLeft UIInterfaceOrientationLandscapeRight";
				IPHONEOS_DEPLOYMENT_TARGET = 26.0;
				LD_RUNPATH_SEARCH_PATHS = (
					"$(inherited)",
					"@executable_path/Frameworks",
				);
				MARKETING_VERSION = 1.0;
				PRODUCT_BUNDLE_IDENTIFIER = com.ronnie.thayer.PickandDrop;
				PRODUCT_NAME = "$(TARGET_NAME)";
				PROVISIONING_PROFILE_SPECIFIER = "";
				STRING_CATALOG_GENERATE_SYMBOLS = YES;
				SWIFT_APPROACHABLE_CONCURRENCY = YES;
				SWIFT_DEFAULT_ACTOR_ISOLATION = MainActor;
				SWIFT_EMIT_LOC_STRINGS = YES;
				SWIFT_UPCOMING_FEATURE_MEMBER_IMPORT_VISIBILITY = YES;
				SWIFT_VERSION = 5.0;
				TARGETED_DEVICE_FAMILY = "1,2";
			};
			name = Release;
		};
/* End XCBuildConfiguration section */

/* Begin XCConfigurationList section */
		87DE09522FA52A09007E9268 /* Build configuration list for PBXProject "PickandDrop" */ = {
			isa = XCConfigurationList;
			buildConfigurations = (
				87DE09602FA52A0A007E9268 /* Debug */,
				87DE09612FA52A0A007E9268 /* Release */,
			);
			defaultConfigurationIsVisible = 0;
			defaultConfigurationName = Release;
		};
		87DE09622FA52A0A007E9268 /* Build configuration list for PBXNativeTarget "PickandDrop" */ = {
			isa = XCConfigurationList;
			buildConfigurations = (
				87DE09632FA52A0A007E9268 /* Debug */,
				87DE09642FA52A0A007E9268 /* Release */,
			);
			defaultConfigurationIsVisible = 0;
			defaultConfigurationName = Release;
		};
/* End XCConfigurationList section */
	};
	rootObject = 87DE094F2FA52A09007E9268 /* Project object */;
}
